
Microsoft Visual Studio Solution File, Format Version 12.00
# Visual Studio 14
VisualStudioVersion = 14.0.25420.1
MinimumVisualStudioVersion = 10.0.40219.1
Project("{FAE04EC0-301F-11D3-BF4B-00C04F79EFBC}") = "W1-Strategy", "W1-Strategy\W1-Strategy.csproj", "{9F5AD210-E4C1-4B11-8C2D-1F3E6D756CDB}"
EndProject
Project("{FAE04EC0-301F-11D3-BF4B-00C04F79EFBC}") = "W2-StockMarket", "W2-Observer\W2-StockMarket.csproj", "{E343BB36-5885-439C-BA2D-AA1A8607EFF4}"
EndProject
Project("{FAE04EC0-301F-11D3-BF4B-00C04F79EFBC}") = "W3-AbstractFactory", "W3-AbstractFactory\W3-AbstractFactory.csproj", "{77472265-CCC2-42DA-967D-BFF7B4B389AF}"
EndProject
Project("{FAE04EC0-301F-11D3-BF4B-00C04F79EFBC}") = "W4-Decorator", "W4-Decorator\W4-Decorator.csproj", "{DC84FE18-2CD3-4248-A6ED-12126469140D}"
EndProject
Project("{FAE04EC0-301F-11D3-BF4B-00C04F79EFBC}") = "W5-Command", "W5-Command\W5-Command.csproj", "{BBFEDE91-E28E-4032-A16D-F91383BD9BF1}"
EndProject
Global
	GlobalSection(SolutionConfigurationPlatforms) = preSolution
		Debug|Any CPU = Debug|Any CPU
		Release|Any CPU = Release|Any CPU
	EndGlobalSection
	GlobalSection(ProjectConfigurationPlatforms) = postSolution
		{9F5AD210-E4C1-4B11-8C2D-1F3E6D756CDB}.Debug|Any CPU.ActiveCfg = Debug|Any CPU
		{9F5AD210-E4C1-4B11-8C2D-1F3E6D756CDB}.Debug|Any CPU.Build.0 = Debug|Any CPU
		{9F5AD210-E4C1-4B11-8C2D-1F3E6D756CDB}.Release|Any CPU.ActiveCfg = Release|Any CPU
		{9F5AD210-E4C1-4B11-8C2D-1F3E6D756CDB}.Release|Any CPU.Build.0 = Release|Any CPU
		{E343BB36-5885-439C-BA2D-AA1A8607EFF4}.Debug|Any CPU.ActiveCfg = Debug|Any CPU
		{E343BB36-5885-439C-BA2D-AA1A8607EFF4}.Debug|Any CPU.Build.0 = Debug|Any CPU
		{E343BB36-5885-439C-BA2D-AA1A8607EFF4}.Release|Any CPU.ActiveCfg = Release|Any CPU
		{E343BB36-5885-439C-BA2D-AA1A8607EFF4}.Release|Any CPU.Build.0 = Release|Any CPU
		{77472265-CCC2-42DA-967D-BFF7B4B389AF}.Debug|Any CPU.ActiveCfg = Debug|Any CPU
		{77472265-CCC2-42DA-967D-BFF7B4B389AF}.Debug|Any CPU.Build.0 = Debug|Any CPU
		{77472265-CCC2-42DA-967D-BFF7B4B389AF}.Release|Any CPU.ActiveCfg = Release|Any CPU
		{77472265-CCC2-42DA-967D-BFF7B4B389AF}.Release|Any CPU.Build.0 = Release|Any CPU
		{DC84FE18-2CD3-4248-A6ED-12126469140D}.Debug|Any CPU.ActiveCfg = Debug|Any CPU
		{DC84FE18-2CD3-4248-A6ED-12126469140D}.Debug|Any CPU.Build.0 = Debug|Any CPU
		{DC84FE18-2CD3-4248-A6ED-12126469140D}.Release|Any CPU.ActiveCfg = Release|Any CPU
		{DC84FE18-2CD3-4248-A6ED-12126469140D}.Release|Any CPU.Build.0 = Release|Any CPU
		{BBFEDE91-E28E-4032-A16D-F91383BD9BF1}.Debug|Any CPU.ActiveCfg = Debug|Any CPU
		{BBFEDE91-E28E-4032-A16D-F91383BD9BF1}.Debug|Any CPU.Build.0 = Debug|Any CPU
		{BBFEDE91-E28E-4032-A16D-F91383BD9BF1}.Release|Any CPU.ActiveCfg = Release|Any CPU
		{BBFEDE91-E28E-4032-A16D-F91383BD9BF1}.Release|Any CPU.Build.0 = Release|Any CPU
	EndGlobalSection
	GlobalSection(SolutionProperties) = preSolution
		HideSolutionNode = FALSE
	EndGlobalSection
EndGlobal
